// !$*UTF8*$!
{
	archiveVersion = 1;
	classes = {
	};
	objectVersion = 46;
	objects = {

/* Begin PBXBuildFile section */
		61899DFB1C15FF3D002DE810 /* AppDelegate.swift in Sources */ = {isa = PBXBuildFile; fileRef = 61899DFA1C15FF3D002DE810 /* AppDelegate.swift */; };
		61899DFD1C15FF3D002DE810 /* ViewController.swift in Sources */ = {isa = PBXBuildFile; fileRef = 61899DFC1C15FF3D002DE810 /* ViewController.swift */; };
		61899E001C15FF3D002DE810 /* Main.storyboard in Resources */ = {isa = PBXBuildFile; fileRef = 61899DFE1C15FF3D002DE810 /* Main.storyboard */; };
		61899E021C15FF3D002DE810 /* Assets.xcassets in Resources */ = {isa = PBXBuildFile; fileRef = 61899E011C15FF3D002DE810 /* Assets.xcassets */; };
		61899E051C15FF3D002DE810 /* LaunchScreen.storyboard in Resources */ = {isa = PBXBuildFile; fileRef = 61899E031C15FF3D002DE810 /* LaunchScreen.storyboard */; };
		61899E0D1C1601EA002DE810 /* PeliculaTableViewCell.swift in Sources */ = {isa = PBXBuildFile; fileRef = 61899E0C1C1601EA002DE810 /* PeliculaTableViewCell.swift */; };
/* End PBXBuildFile section */

/* Begin PBXFileReference section */
		61899DF71C15FF3D002DE810 /* peliculas.app */ = {isa = PBXFileReference; explicitFileType = wrapper.application; includeInIndex = 0; path = peliculas.app; sourceTree = BUILT_PRODUCTS_DIR; };
		61899DFA1C15FF3D002DE810 /* AppDelegate.swift */ = {isa = PBXFileReference; lastKnownFileType = sourcecode.swift; path = AppDelegate.swift; sourceTree = "<group>"; };
		61899DFC1C15FF3D002DE810 /* ViewController.swift */ = {isa = PBXFileReference; lastKnownFileType = sourcecode.swift; path = ViewController.swift; sourceTree = "<group>"; };
		61899DFF1C15FF3D002DE810 /* Base */ = {isa = PBXFileReference; lastKnownFileType = file.storyboard; name = Base; path = Base.lproj/Main.storyboard; sourceTree = "<group>"; };
		61899E011C15FF3D002DE810 /* Assets.xcassets */ = {isa = PBXFileReference; lastKnownFileType = folder.assetcatalog; path = Assets.xcassets; sourceTree = "<group>"; };
		61899E041C15FF3D002DE810 /* Base */ = {isa = PBXFileReference; lastKnownFileType = file.storyboard; name = Base; path = Base.lproj/LaunchScreen.storyboard; sourceTree = "<group>"; };
		61899E061C15FF3D002DE810 /* Info.plist */ = {isa = PBXFileReference; lastKnownFileType = text.plist.xml; path = Info.plist; sourceTree = "<group>"; };
		61899E0C1C1601EA002DE810 /* PeliculaTableViewCell.swift */ = {isa = PBXFileReference; fileEncoding = 4; lastKnownFileType = sourcecode.swift; path = PeliculaTableViewCell.swift; sourceTree = "<group>"; };
/* End PBXFileReference section */

/* Begin PBXFrameworksBuildPhase section */
		61899DF41C15FF3D002DE810 /* Frameworks */ = {
			isa = PBXFrameworksBuildPhase;
			buildActionMask = 2147483647;
			files = (
			);
			runOnlyForDeploymentPostprocessing = 0;
		};
/* End PBXFrameworksBuildPhase section */

/* Begin PBXGroup section */
		61899DEE1C15FF3D002DE810 = {
			isa = PBXGroup;
			children = (
				61899DF91C15FF3D002DE810 /* peliculas */,
				61899DF81C15FF3D002DE810 /* Products */,
			);
			sourceTree = "<group>";
		};
		61899DF81C15FF3D002DE810 /* Products */ = {
			isa = PBXGroup;
			children = (
				61899DF71C15FF3D002DE810 /* peliculas.app */,
			);
			name = Products;
			sourceTree = "<group>";
		};
		61899DF91C15FF3D002DE810 /* peliculas */ = {
			isa = PBXGroup;
			children = (
				61899DFA1C15FF3D002DE810 /* AppDelegate.swift */,
				61899DFC1C15FF3D002DE810 /* ViewController.swift */,
				61899DFE1C15FF3D002DE810 /* Main.storyboard */,
				61899E0C1C1601EA002DE810 /* PeliculaTableViewCell.swift */,
				61899E011C15FF3D002DE810 /* Assets.xcassets */,
				61899E031C15FF3D002DE810 /* LaunchScreen.storyboard */,
				61899E061C15FF3D002DE810 /* Info.plist */,
			);
			path = peliculas;
			sourceTree = "<group>";
		};
/* End PBXGroup section */

/* Begin PBXNativeTarget section */
		61899DF61C15FF3D002DE810 /* peliculas */ = {
			isa = PBXNativeTarget;
			buildConfigurationList = 61899E091C15FF3D002DE810 /* Build configuration list for PBXNativeTarget "peliculas" */;
			buildPhases = (
				61899DF31C15FF3D002DE810 /* Sources */,
				61899DF41C15FF3D002DE810 /* Frameworks */,
				61899DF51C15FF3D002DE810 /* Resources */,
			);
			buildRules = (
			);
			dependencies = (
			);
			name = peliculas;
			productName = peliculas;
			productReference = 61899DF71C15FF3D002DE810 /* peliculas.app */;
			productType = "com.apple.product-type.application";
		};
/* End PBXNativeTarget section */

/* Begin PBXProject section */
		61899DEF1C15FF3D002DE810 /* Project object */ = {
			isa = PBXProject;
			attributes = {
				LastSwiftUpdateCheck = 0710;
				LastUpgradeCheck = 0710;
				ORGANIZATIONNAME = guitarrkurt;
				TargetAttributes = {
					61899DF61C15FF3D002DE810 = {
						CreatedOnToolsVersion = 7.1;
					};
				};
			};
			buildConfigurationList = 61899DF21C15FF3D002DE810 /* Build configuration list for PBXProject "peliculas" */;
			compatibilityVersion = "Xcode 3.2";
			developmentRegion = English;
			hasScannedForEncodings = 0;
			knownRegions = (
				en,
				Base,
			);
			mainGroup = 61899DEE1C15FF3D002DE810;
			productRefGroup = 61899DF81C15FF3D002DE810 /* Products */;
			projectDirPath = "";
			projectRoot = "";
			targets = (
				61899DF61C15FF3D002DE810 /* peliculas */,
			);
		};
/* End PBXProject section */

/* Begin PBXResourcesBuildPhase section */
		61899DF51C15FF3D002DE810 /* Resources */ = {
			isa = PBXResourcesBuildPhase;
			buildActionMask = 2147483647;
			files = (
				61899E051C15FF3D002DE810 /* LaunchScreen.storyboard in Resources */,
				61899E021C15FF3D002DE810 /* Assets.xcassets in Resources */,
				61899E001C15FF3D002DE810 /* Main.storyboard in Resources */,
			);
			runOnlyForDeploymentPostprocessing = 0;
		};
/* End PBXResourcesBuildPhase section */

/* Begin PBXSourcesBuildPhase section */
		61899DF31C15FF3D002DE810 /* Sources */ = {
			isa = PBXSourcesBuildPhase;
			buildActionMask = 2147483647;
			files = (
				61899DFD1C15FF3D002DE810 /* ViewController.swift in Sources */,
				61899DFB1C15FF3D002DE810 /* AppDelegate.swift in Sources */,
				61899E0D1C1601EA002DE810 /* PeliculaTableViewCell.swift in Sources */,
			);
			runOnlyForDeploymentPostprocessing = 0;
		};
/* End PBXSourcesBuildPhase section */

/* Begin PBXVariantGroup section */
		61899DFE1C15FF3D002DE810 /* Main.storyboard */ = {
			isa = PBXVariantGroup;
			children = (
				61899DFF1C15FF3D002DE810 /* Base */,
			);
			name = Main.storyboard;
			sourceTree = "<group>";
		};
		61899E031C15FF3D002DE810 /* LaunchScreen.storyboard */ = {
			isa = PBXVariantGroup;
			children = (
				61899E041C15FF3D002DE810 /* Base */,
			);
			name = LaunchScreen.storyboard;
			sourceTree = "<group>";
		};
/* End PBXVariantGroup section */

/* Begin XCBuildConfiguration section */
		61899E071C15FF3D002DE810 /* Debug */ = {
			isa = XCBuildConfiguration;
			buildSettings = {
				ALWAYS_SEARCH_USER_PATHS = NO;
				CLANG_CXX_LANGUAGE_STANDARD = "gnu++0x";
				CLANG_CXX_LIBRARY = "libc++";
				CLANG_ENABLE_MODULES = YES;
				CLANG_ENABLE_OBJC_ARC = YES;
				CLANG_WARN_BOOL_CONVERSION = YES;
				CLANG_WARN_CONSTANT_CONVERSION = YES;
				CLANG_WARN_DIRECT_OBJC_ISA_USAGE = YES_ERROR;
				CLANG_WARN_EMPTY_BODY = YES;
				CLANG_WARN_ENUM_CONVERSION = YES;
				CLANG_WARN_INT_CONVERSION = YES;
				CLANG_WARN_OBJC_ROOT_CLASS = YES_ERROR;
				CLANG_WARN_UNREACHABLE_CODE = YES;
				CLANG_WARN__DUPLICATE_METHOD_MATCH = YES;
				"CODE_SIGN_IDENTITY[sdk=iphoneos*]" = "iPhone Developer";
				COPY_PHASE_STRIP = NO;
				DEBUG_INFORMATION_FORMAT = dwarf;
				ENABLE_STRICT_OBJC_MSGSEND = YES;
				ENABLE_TESTABILITY = YES;
				GCC_C_LANGUAGE_STANDARD = gnu99;
				GCC_DYNAMIC_NO_PIC = NO;
				GCC_NO_COMMON_BLOCKS = YES;
				GCC_OPTIMIZATION_LEVEL = 0;
				GCC_PREPROCESSOR_DEFINITIONS = (
					"DEBUG=1",
					"$(inherited)",
				);
				GCC_WARN_64_TO_32_BIT_CONVERSION = YES;
				GCC_WARN_ABOUT_RETURN_TYPE = YES_ERROR;
				GCC_WARN_UNDECLARED_SELECTOR = YES;
				GCC_WARN_UNINITIALIZED_AUTOS = YES_AGGRESSIVE;
				GCC_WARN_UNUSED_FUNCTION = YES;
				GCC_WARN_UNUSED_VARIABLE = YES;
				IPHONEOS_DEPLOYMENT_TARGET = 9.1;
				MTL_ENABLE_DEBUG_INFO = YES;
				ONLY_ACTIVE_ARCH = YES;
				SDKROOT = iphoneos;
				SWIFT_OPTIMIZATION_LEVEL = "-Onone";
				TARGETED_DEVICE_FAMILY = "1,2";
			};
			name = Debug;
		};
		61899E081C15FF3D002DE810 /* Release */ = {
			isa = XCBuildConfiguration;
			buildSettings = {
				ALWAYS_SEARCH_USER_PATHS = NO;
				CLANG_CXX_LANGUAGE_STANDARD = "gnu++0x";
				CLANG_CXX_LIBRARY = "libc++";
				CLANG_ENABLE_MODULES = YES;
				CLANG_ENABLE_OBJC_ARC = YES;
				CLANG_WARN_BOOL_CONVERSION = YES;
				CLANG_WARN_CONSTANT_CONVERSION = YES;
				CLANG_WARN_DIRECT_OBJC_ISA_USAGE = YES_ERROR;
				CLANG_WARN_EMPTY_BODY = YES;
				CLANG_WARN_ENUM_CONVERSION = YES;
				CLANG_WARN_INT_CONVERSION = YES;
				CLANG_WARN_OBJC_ROOT_CLASS = YES_ERROR;
				CLANG_WARN_UNREACHABLE_CODE = YES;
				CLANG_WARN__DUPLICATE_METHOD_MATCH = YES;
				"CODE_SIGN_IDENTITY[sdk=iphoneos*]" = "iPhone Developer";
				COPY_PHASE_STRIP = NO;
				DEBUG_INFORMATION_FORMAT = "dwarf-with-dsym";
				ENABLE_NS_ASSERTIONS = NO;
				ENABLE_STRICT_OBJC_MSGSEND = YES;
				GCC_C_LANGUAGE_STANDARD = gnu99;
				GCC_NO_COMMON_BLOCKS = YES;
				GCC_WARN_64_TO_32_BIT_CONVERSION = YES;
				GCC_WARN_ABOUT_RETURN_TYPE = YES_ERROR;
				GCC_WARN_UNDECLARED_SELECTOR = YES;
				GCC_WARN_UNINITIALIZED_AUTOS = YES_AGGRESSIVE;
				GCC_WARN_UNUSED_FUNCTION = YES;
				GCC_WARN_UNUSED_VARIABLE = YES;
				IPHONEOS_DEPLOYMENT_TARGET = 9.1;
				MTL_ENABLE_DEBUG_INFO = NO;
				SDKROOT = iphoneos;
				TARGETED_DEVICE_FAMILY = "1,2";
				VALIDATE_PRODUCT = YES;
			};
			name = Release;
		};
		61899E0A1C15FF3D002DE810 /* Debug */ = {
			isa = XCBuildConfiguration;
			buildSettings = {
				ASSETCATALOG_COMPILER_APPICON_NAME = AppIcon;
				INFOPLIST_FILE = peliculas/Info.plist;
				LD_RUNPATH_SEARCH_PATHS = "$(inherited) @executable_path/Frameworks";
				PRODUCT_BUNDLE_IDENTIFIER = mx.buap.cs.ilab.peliculas;
				PRODUCT_NAME = "$(TARGET_NAME)";
			};
			name = Debug;
		};
		61899E0B1C15FF3D002DE810 /* Release */ = {
			isa = XCBuildConfiguration;
			buildSettings = {
				ASSETCATALOG_COMPILER_APPICON_NAME = AppIcon;
				INFOPLIST_FILE = peliculas/Info.plist;
				LD_RUNPATH_SEARCH_PATHS = "$(inherited) @executable_path/Frameworks";
				PRODUCT_BUNDLE_IDENTIFIER = mx.buap.cs.ilab.peliculas;
				PRODUCT_NAME = "$(TARGET_NAME)";
			};
			name = Release;
		};
/* End XCBuildConfiguration section */

/* Begin XCConfigurationList section */
		61899DF21C15FF3D002DE810 /* Build configuration list for PBXProject "peliculas" */ = {
			isa = XCConfigurationList;
			buildConfigurations = (
				61899E071C15FF3D002DE810 /* Debug */,
				61899E081C15FF3D002DE810 /* Release */,
			);
			defaultConfigurationIsVisible = 0;
			defaultConfigurationName = Release;
		};
		61899E091C15FF3D002DE810 /* Build configuration list for PBXNativeTarget "peliculas" */ = {
			isa = XCConfigurationList;
			buildConfigurations = (
				61899E0A1C15FF3D002DE810 /* Debug */,
				61899E0B1C15FF3D002DE810 /* Release */,
			);
			defaultConfigurationIsVisible = 0;
		};
/* End XCConfigurationList section */
	};
	rootObject = 61899DEF1C15FF3D002DE810 /* Project object */;
}
